// !$*UTF8*$!
{
	archiveVersion = 1;
	classes = {
	};
	objectVersion = 60;
	objects = {

/* Begin PBXBuildFile section */
		EAB11CE32B9F9BBD00900872 /* AppDelegate.swift in Sources */ = {isa = PBXBuildFile; fileRef = EAB11CE22B9F9BBD00900872 /* AppDelegate.swift */; };
		EAB11CE52B9F9BBD00900872 /* SceneDelegate.swift in Sources */ = {isa = PBXBuildFile; fileRef = EAB11CE42B9F9BBD00900872 /* SceneDelegate.swift */; };
		EAB11CE72B9F9BBD00900872 /* ViewController.swift in Sources */ = {isa = PBXBuildFile; fileRef = EAB11CE62B9F9BBD00900872 /* ViewController.swift */; };
		EAB11CEA2B9F9BBD00900872 /* Main.storyboard in Resources */ = {isa = PBXBuildFile; fileRef = EAB11CE82B9F9BBD00900872 /* Main.storyboard */; };
		EAB11CEC2B9F9BBE00900872 /* Assets.xcassets in Resources */ = {isa = PBXBuildFile; fileRef = EAB11CEB2B9F9BBE00900872 /* Assets.xcassets */; };
		EAB11CEF2B9F9BBE00900872 /* LaunchScreen.storyboard in Resources */ = {isa = PBXBuildFile; fileRef = EAB11CED2B9F9BBE00900872 /* LaunchScreen.storyboard */; };
		EAB11CFA2B9F9BBE00900872 /* HalalFoodFinderTests.swift in Sources */ = {isa = PBXBuildFile; fileRef = EAB11CF92B9F9BBE00900872 /* HalalFoodFinderTests.swift */; };
		EAB11D042B9F9BBE00900872 /* HalalFoodFinderUITests.swift in Sources */ = {isa = PBXBuildFile; fileRef = EAB11D032B9F9BBE00900872 /* HalalFoodFinderUITests.swift */; };
		EAB11D062B9F9BBE00900872 /* HalalFoodFinderUITestsLaunchTests.swift in Sources */ = {isa = PBXBuildFile; fileRef = EAB11D052B9F9BBE00900872 /* HalalFoodFinderUITestsLaunchTests.swift */; };
		EAB11D132BA0FE3800900872 /* SearchData.swift in Sources */ = {isa = PBXBuildFile; fileRef = EAB11D122BA0FE3800900872 /* SearchData.swift */; };
		EAB11D152BA2272900900872 /* SettingsTable.swift in Sources */ = {isa = PBXBuildFile; fileRef = EAB11D142BA2272900900872 /* SettingsTable.swift */; };
		EAB11D1D2BA37D4500900872 /* CityToZip2.swift in Sources */ = {isa = PBXBuildFile; fileRef = EAB11D1C2BA37D4500900872 /* CityToZip2.swift */; };
		EAB11D1F2BA3890E00900872 /* ZipToLL.swift in Sources */ = {isa = PBXBuildFile; fileRef = EAB11D1E2BA3890E00900872 /* ZipToLL.swift */; };
		EAB11D212BA38B5000900872 /* APISearch.swift in Sources */ = {isa = PBXBuildFile; fileRef = EAB11D202BA38B5000900872 /* APISearch.swift */; };
		EAB11D232BA3C24800900872 /* RestList.swift in Sources */ = {isa = PBXBuildFile; fileRef = EAB11D222BA3C24800900872 /* RestList.swift */; };
		EAB11D252BA3D9A900900872 /* RestaurantListTableViewController.swift in Sources */ = {isa = PBXBuildFile; fileRef = EAB11D242BA3D9A900900872 /* RestaurantListTableViewController.swift */; };
		EAB11D272BA3DA1800900872 /* DetailViewController.swift in Sources */ = {isa = PBXBuildFile; fileRef = EAB11D262BA3DA1800900872 /* DetailViewController.swift */; };
/* End PBXBuildFile section */

/* Begin PBXContainerItemProxy section */
		EAB11CF62B9F9BBE00900872 /* PBXContainerItemProxy */ = {
			isa = PBXContainerItemProxy;
			containerPortal = EAB11CD72B9F9BBD00900872 /* Project object */;
			proxyType = 1;
			remoteGlobalIDString = EAB11CDE2B9F9BBD00900872;
			remoteInfo = HalalFoodFinder;
		};
		EAB11D002B9F9BBE00900872 /* PBXContainerItemProxy */ = {
			isa = PBXContainerItemProxy;
			containerPortal = EAB11CD72B9F9BBD00900872 /* Project object */;
			proxyType = 1;
			remoteGlobalIDString = EAB11CDE2B9F9BBD00900872;
			remoteInfo = HalalFoodFinder;
		};
/* End PBXContainerItemProxy section */

/* Begin PBXFileReference section */
		EAB11CDF2B9F9BBD00900872 /* HalalFoodFinder.app */ = {isa = PBXFileReference; explicitFileType = wrapper.application; includeInIndex = 0; path = HalalFoodFinder.app; sourceTree = BUILT_PRODUCTS_DIR; };
		EAB11CE22B9F9BBD00900872 /* AppDelegate.swift */ = {isa = PBXFileReference; lastKnownFileType = sourcecode.swift; path = AppDelegate.swift; sourceTree = "<group>"; };
		EAB11CE42B9F9BBD00900872 /* SceneDelegate.swift */ = {isa = PBXFileReference; lastKnownFileType = sourcecode.swift; path = SceneDelegate.swift; sourceTree = "<group>"; };
		EAB11CE62B9F9BBD00900872 /* ViewController.swift */ = {isa = PBXFileReference; lastKnownFileType = sourcecode.swift; path = ViewController.swift; sourceTree = "<group>"; };
		EAB11CE92B9F9BBD00900872 /* Base */ = {isa = PBXFileReference; lastKnownFileType = file.storyboard; name = Base; path = Base.lproj/Main.storyboard; sourceTree = "<group>"; };
		EAB11CEB2B9F9BBE00900872 /* Assets.xcassets */ = {isa = PBXFileReference; lastKnownFileType = folder.assetcatalog; path = Assets.xcassets; sourceTree = "<group>"; };
		EAB11CEE2B9F9BBE00900872 /* Base */ = {isa = PBXFileReference; lastKnownFileType = file.storyboard; name = Base; path = Base.lproj/LaunchScreen.storyboard; sourceTree = "<group>"; };
		EAB11CF02B9F9BBE00900872 /* Info.plist */ = {isa = PBXFileReference; lastKnownFileType = text.plist.xml; path = Info.plist; sourceTree = "<group>"; };
		EAB11CF52B9F9BBE00900872 /* HalalFoodFinderTests.xctest */ = {isa = PBXFileReference; explicitFileType = wrapper.cfbundle; includeInIndex = 0; path = HalalFoodFinderTests.xctest; sourceTree = BUILT_PRODUCTS_DIR; };
		EAB11CF92B9F9BBE00900872 /* HalalFoodFinderTests.swift */ = {isa = PBXFileReference; lastKnownFileType = sourcecode.swift; path = HalalFoodFinderTests.swift; sourceTree = "<group>"; };
		EAB11CFF2B9F9BBE00900872 /* HalalFoodFinderUITests.xctest */ = {isa = PBXFileReference; explicitFileType = wrapper.cfbundle; includeInIndex = 0; path = HalalFoodFinderUITests.xctest; sourceTree = BUILT_PRODUCTS_DIR; };
		EAB11D032B9F9BBE00900872 /* HalalFoodFinderUITests.swift */ = {isa = PBXFileReference; lastKnownFileType = sourcecode.swift; path = HalalFoodFinderUITests.swift; sourceTree = "<group>"; };
		EAB11D052B9F9BBE00900872 /* HalalFoodFinderUITestsLaunchTests.swift */ = {isa = PBXFileReference; lastKnownFileType = sourcecode.swift; path = HalalFoodFinderUITestsLaunchTests.swift; sourceTree = "<group>"; };
		EAB11D122BA0FE3800900872 /* SearchData.swift */ = {isa = PBXFileReference; lastKnownFileType = sourcecode.swift; path = SearchData.swift; sourceTree = "<group>"; };
		EAB11D142BA2272900900872 /* SettingsTable.swift */ = {isa = PBXFileReference; lastKnownFileType = sourcecode.swift; path = SettingsTable.swift; sourceTree = "<group>"; };
		EAB11D1C2BA37D4500900872 /* CityToZip2.swift */ = {isa = PBXFileReference; lastKnownFileType = sourcecode.swift; path = CityToZip2.swift; sourceTree = "<group>"; };
		EAB11D1E2BA3890E00900872 /* ZipToLL.swift */ = {isa = PBXFileReference; lastKnownFileType = sourcecode.swift; path = ZipToLL.swift; sourceTree = "<group>"; };
		EAB11D202BA38B5000900872 /* APISearch.swift */ = {isa = PBXFileReference; lastKnownFileType = sourcecode.swift; path = APISearch.swift; sourceTree = "<group>"; };
		EAB11D222BA3C24800900872 /* RestList.swift */ = {isa = PBXFileReference; lastKnownFileType = sourcecode.swift; path = RestList.swift; sourceTree = "<group>"; };
		EAB11D242BA3D9A900900872 /* RestaurantListTableViewController.swift */ = {isa = PBXFileReference; lastKnownFileType = sourcecode.swift; path = RestaurantListTableViewController.swift; sourceTree = "<group>"; };
		EAB11D262BA3DA1800900872 /* DetailViewController.swift */ = {isa = PBXFileReference; lastKnownFileType = sourcecode.swift; path = DetailViewController.swift; sourceTree = "<group>"; };
/* End PBXFileReference section */

/* Begin PBXFrameworksBuildPhase section */
		EAB11CDC2B9F9BBD00900872 /* Frameworks */ = {
			isa = PBXFrameworksBuildPhase;
			buildActionMask = 2147483647;
			files = (
			);
			runOnlyForDeploymentPostprocessing = 0;
		};
		EAB11CF22B9F9BBE00900872 /* Frameworks */ = {
			isa = PBXFrameworksBuildPhase;
			buildActionMask = 2147483647;
			files = (
			);
			runOnlyForDeploymentPostprocessing = 0;
		};
		EAB11CFC2B9F9BBE00900872 /* Frameworks */ = {
			isa = PBXFrameworksBuildPhase;
			buildActionMask = 2147483647;
			files = (
			);
			runOnlyForDeploymentPostprocessing = 0;
		};
/* End PBXFrameworksBuildPhase section */

/* Begin PBXGroup section */
		EAB11CD62B9F9BBD00900872 = {
			isa = PBXGroup;
			children = (
				EAB11CE12B9F9BBD00900872 /* HalalFoodFinder */,
				EAB11CF82B9F9BBE00900872 /* HalalFoodFinderTests */,
				EAB11D022B9F9BBE00900872 /* HalalFoodFinderUITests */,
				EAB11CE02B9F9BBD00900872 /* Products */,
			);
			sourceTree = "<group>";
		};
		EAB11CE02B9F9BBD00900872 /* Products */ = {
			isa = PBXGroup;
			children = (
				EAB11CDF2B9F9BBD00900872 /* HalalFoodFinder.app */,
				EAB11CF52B9F9BBE00900872 /* HalalFoodFinderTests.xctest */,
				EAB11CFF2B9F9BBE00900872 /* HalalFoodFinderUITests.xctest */,
			);
			name = Products;
			sourceTree = "<group>";
		};
		EAB11CE12B9F9BBD00900872 /* HalalFoodFinder */ = {
			isa = PBXGroup;
			children = (
				EAB11CE22B9F9BBD00900872 /* AppDelegate.swift */,
				EAB11D1E2BA3890E00900872 /* ZipToLL.swift */,
				EAB11D202BA38B5000900872 /* APISearch.swift */,
				EAB11CE42B9F9BBD00900872 /* SceneDelegate.swift */,
				EAB11CE62B9F9BBD00900872 /* ViewController.swift */,
				EAB11D142BA2272900900872 /* SettingsTable.swift */,
				EAB11D222BA3C24800900872 /* RestList.swift */,
				EAB11D1C2BA37D4500900872 /* CityToZip2.swift */,
				EAB11D242BA3D9A900900872 /* RestaurantListTableViewController.swift */,
				EAB11D122BA0FE3800900872 /* SearchData.swift */,
				EAB11D262BA3DA1800900872 /* DetailViewController.swift */,
				EAB11CEB2B9F9BBE00900872 /* Assets.xcassets */,
				EAB11CE82B9F9BBD00900872 /* Main.storyboard */,
				EAB11CED2B9F9BBE00900872 /* LaunchScreen.storyboard */,
				EAB11CF02B9F9BBE00900872 /* Info.plist */,
			);
			path = HalalFoodFinder;
			sourceTree = "<group>";
		};
		EAB11CF82B9F9BBE00900872 /* HalalFoodFinderTests */ = {
			isa = PBXGroup;
			children = (
				EAB11CF92B9F9BBE00900872 /* HalalFoodFinderTests.swift */,
			);
			path = HalalFoodFinderTests;
			sourceTree = "<group>";
		};
		EAB11D022B9F9BBE00900872 /* HalalFoodFinderUITests */ = {
			isa = PBXGroup;
			children = (
				EAB11D032B9F9BBE00900872 /* HalalFoodFinderUITests.swift */,
				EAB11D052B9F9BBE00900872 /* HalalFoodFinderUITestsLaunchTests.swift */,
			);
			path = HalalFoodFinderUITests;
			sourceTree = "<group>";
		};
/* End PBXGroup section */

/* Begin PBXNativeTarget section */
		EAB11CDE2B9F9BBD00900872 /* HalalFoodFinder */ = {
			isa = PBXNativeTarget;
			buildConfigurationList = EAB11D092B9F9BBE00900872 /* Build configuration list for PBXNativeTarget "HalalFoodFinder" */;
			buildPhases = (
				EAB11CDB2B9F9BBD00900872 /* Sources */,
				EAB11CDC2B9F9BBD00900872 /* Frameworks */,
				EAB11CDD2B9F9BBD00900872 /* Resources */,
			);
			buildRules = (
			);
			dependencies = (
			);
			name = HalalFoodFinder;
			productName = HalalFoodFinder;
			productReference = EAB11CDF2B9F9BBD00900872 /* HalalFoodFinder.app */;
			productType = "com.apple.product-type.application";
		};
		EAB11CF42B9F9BBE00900872 /* HalalFoodFinderTests */ = {
			isa = PBXNativeTarget;
			buildConfigurationList = EAB11D0C2B9F9BBE00900872 /* Build configuration list for PBXNativeTarget "HalalFoodFinderTests" */;
			buildPhases = (
				EAB11CF12B9F9BBE00900872 /* Sources */,
				EAB11CF22B9F9BBE00900872 /* Frameworks */,
				EAB11CF32B9F9BBE00900872 /* Resources */,
			);
			buildRules = (
			);
			dependencies = (
				EAB11CF72B9F9BBE00900872 /* PBXTargetDependency */,
			);
			name = HalalFoodFinderTests;
			productName = HalalFoodFinderTests;
			productReference = EAB11CF52B9F9BBE00900872 /* HalalFoodFinderTests.xctest */;
			productType = "com.apple.product-type.bundle.unit-test";
		};
		EAB11CFE2B9F9BBE00900872 /* HalalFoodFinderUITests */ = {
			isa = PBXNativeTarget;
			buildConfigurationList = EAB11D0F2B9F9BBE00900872 /* Build configuration list for PBXNativeTarget "HalalFoodFinderUITests" */;
			buildPhases = (
				EAB11CFB2B9F9BBE00900872 /* Sources */,
				EAB11CFC2B9F9BBE00900872 /* Frameworks */,
				EAB11CFD2B9F9BBE00900872 /* Resources */,
			);
			buildRules = (
			);
			dependencies = (
				EAB11D012B9F9BBE00900872 /* PBXTargetDependency */,
			);
			name = HalalFoodFinderUITests;
			productName = HalalFoodFinderUITests;
			productReference = EAB11CFF2B9F9BBE00900872 /* HalalFoodFinderUITests.xctest */;
			productType = "com.apple.product-type.bundle.ui-testing";
		};
/* End PBXNativeTarget section */

/* Begin PBXProject section */
		EAB11CD72B9F9BBD00900872 /* Project object */ = {
			isa = PBXProject;
			attributes = {
				BuildIndependentTargetsInParallel = 1;
				LastSwiftUpdateCheck = 1510;
				LastUpgradeCheck = 1510;
				TargetAttributes = {
					EAB11CDE2B9F9BBD00900872 = {
						CreatedOnToolsVersion = 15.1;
					};
					EAB11CF42B9F9BBE00900872 = {
						CreatedOnToolsVersion = 15.1;
						TestTargetID = EAB11CDE2B9F9BBD00900872;
					};
					EAB11CFE2B9F9BBE00900872 = {
						CreatedOnToolsVersion = 15.1;
						TestTargetID = EAB11CDE2B9F9BBD00900872;
					};
				};
			};
			buildConfigurationList = EAB11CDA2B9F9BBD00900872 /* Build configuration list for PBXProject "HalalFoodFinder" */;
			compatibilityVersion = "Xcode 15.0";
			developmentRegion = en;
			hasScannedForEncodings = 0;
			knownRegions = (
				en,
				Base,
			);
			mainGroup = EAB11CD62B9F9BBD00900872;
			productRefGroup = EAB11CE02B9F9BBD00900872 /* Products */;
			projectDirPath = "";
			projectRoot = "";
			targets = (
				EAB11CDE2B9F9BBD00900872 /* HalalFoodFinder */,
				EAB11CF42B9F9BBE00900872 /* HalalFoodFinderTests */,
				EAB11CFE2B9F9BBE00900872 /* HalalFoodFinderUITests */,
			);
		};
/* End PBXProject section */

/* Begin PBXResourcesBuildPhase section */
		EAB11CDD2B9F9BBD00900872 /* Resources */ = {
			isa = PBXResourcesBuildPhase;
			buildActionMask = 2147483647;
			files = (
				EAB11CEF2B9F9BBE00900872 /* LaunchScreen.storyboard in Resources */,
				EAB11CEC2B9F9BBE00900872 /* Assets.xcassets in Resources */,
				EAB11CEA2B9F9BBD00900872 /* Main.storyboard in Resources */,
			);
			runOnlyForDeploymentPostprocessing = 0;
		};
		EAB11CF32B9F9BBE00900872 /* Resources */ = {
			isa = PBXResourcesBuildPhase;
			buildActionMask = 2147483647;
			files = (
			);
			runOnlyForDeploymentPostprocessing = 0;
		};
		EAB11CFD2B9F9BBE00900872 /* Resources */ = {
			isa = PBXResourcesBuildPhase;
			buildActionMask = 2147483647;
			files = (
			);
			runOnlyForDeploymentPostprocessing = 0;
		};
/* End PBXResourcesBuildPhase section */

/* Begin PBXSourcesBuildPhase section */
		EAB11CDB2B9F9BBD00900872 /* Sources */ = {
			isa = PBXSourcesBuildPhase;
			buildActionMask = 2147483647;
			files = (
				EAB11D252BA3D9A900900872 /* RestaurantListTableViewController.swift in Sources */,
				EAB11D212BA38B5000900872 /* APISearch.swift in Sources */,
				EAB11D272BA3DA1800900872 /* DetailViewController.swift in Sources */,
				EAB11CE72B9F9BBD00900872 /* ViewController.swift in Sources */,
				EAB11CE32B9F9BBD00900872 /* AppDelegate.swift in Sources */,
				EAB11CE52B9F9BBD00900872 /* SceneDelegate.swift in Sources */,
				EAB11D232BA3C24800900872 /* RestList.swift in Sources */,
				EAB11D1D2BA37D4500900872 /* CityToZip2.swift in Sources */,
				EAB11D152BA2272900900872 /* SettingsTable.swift in Sources */,
				EAB11D1F2BA3890E00900872 /* ZipToLL.swift in Sources */,
				EAB11D132BA0FE3800900872 /* SearchData.swift in Sources */,
			);
			runOnlyForDeploymentPostprocessing = 0;
		};
		EAB11CF12B9F9BBE00900872 /* Sources */ = {
			isa = PBXSourcesBuildPhase;
			buildActionMask = 2147483647;
			files = (
				EAB11CFA2B9F9BBE00900872 /* HalalFoodFinderTests.swift in Sources */,
			);
			runOnlyForDeploymentPostprocessing = 0;
		};
		EAB11CFB2B9F9BBE00900872 /* Sources */ = {
			isa = PBXSourcesBuildPhase;
			buildActionMask = 2147483647;
			files = (
				EAB11D042B9F9BBE00900872 /* HalalFoodFinderUITests.swift in Sources */,
				EAB11D062B9F9BBE00900872 /* HalalFoodFinderUITestsLaunchTests.swift in Sources */,
			);
			runOnlyForDeploymentPostprocessing = 0;
		};
/* End PBXSourcesBuildPhase section */

/* Begin PBXTargetDependency section */
		EAB11CF72B9F9BBE00900872 /* PBXTargetDependency */ = {
			isa = PBXTargetDependency;
			target = EAB11CDE2B9F9BBD00900872 /* HalalFoodFinder */;
			targetProxy = EAB11CF62B9F9BBE00900872 /* PBXContainerItemProxy */;
		};
		EAB11D012B9F9BBE00900872 /* PBXTargetDependency */ = {
			isa = PBXTargetDependency;
			target = EAB11CDE2B9F9BBD00900872 /* HalalFoodFinder */;
			targetProxy = EAB11D002B9F9BBE00900872 /* PBXContainerItemProxy */;
		};
/* End PBXTargetDependency section */

/* Begin PBXVariantGroup section */
		EAB11CE82B9F9BBD00900872 /* Main.storyboard */ = {
			isa = PBXVariantGroup;
			children = (
				EAB11CE92B9F9BBD00900872 /* Base */,
			);
			name = Main.storyboard;
			sourceTree = "<group>";
		};
		EAB11CED2B9F9BBE00900872 /* LaunchScreen.storyboard */ = {
			isa = PBXVariantGroup;
			children = (
				EAB11CEE2B9F9BBE00900872 /* Base */,
			);
			name = LaunchScreen.storyboard;
			sourceTree = "<group>";
		};
/* End PBXVariantGroup section */

/* Begin XCBuildConfiguration section */
		EAB11D072B9F9BBE00900872 /* Debug */ = {
			isa = XCBuildConfiguration;
			buildSettings = {
				ALWAYS_SEARCH_USER_PATHS = NO;
				ASSETCATALOG_COMPILER_GENERATE_SWIFT_ASSET_SYMBOL_EXTENSIONS = YES;
				CLANG_ANALYZER_NONNULL = YES;
				CLANG_ANALYZER_NUMBER_OBJECT_CONVERSION = YES_AGGRESSIVE;
				CLANG_CXX_LANGUAGE_STANDARD = "gnu++20";
				CLANG_ENABLE_MODULES = YES;
				CLANG_ENABLE_OBJC_ARC = YES;
				CLANG_ENABLE_OBJC_WEAK = YES;
				CLANG_WARN_BLOCK_CAPTURE_AUTORELEASING = YES;
				CLANG_WARN_BOOL_CONVERSION = YES;
				CLANG_WARN_COMMA = YES;
				CLANG_WARN_CONSTANT_CONVERSION = YES;
				CLANG_WARN_DEPRECATED_OBJC_IMPLEMENTATIONS = YES;
				CLANG_WARN_DIRECT_OBJC_ISA_USAGE = YES_ERROR;
				CLANG_WARN_DOCUMENTATION_COMMENTS = YES;
				CLANG_WARN_EMPTY_BODY = YES;
				CLANG_WARN_ENUM_CONVERSION = YES;
				CLANG_WARN_INFINITE_RECURSION = YES;
				CLANG_WARN_INT_CONVERSION = YES;
				CLANG_WARN_NON_LITERAL_NULL_CONVERSION = YES;
				CLANG_WARN_OBJC_IMPLICIT_RETAIN_SELF = YES;
				CLANG_WARN_OBJC_LITERAL_CONVERSION = YES;
				CLANG_WARN_OBJC_ROOT_CLASS = YES_ERROR;
				CLANG_WARN_QUOTED_INCLUDE_IN_FRAMEWORK_HEADER = YES;
				CLANG_WARN_RANGE_LOOP_ANALYSIS = YES;
				CLANG_WARN_STRICT_PROTOTYPES = YES;
				CLANG_WARN_SUSPICIOUS_MOVE = YES;
				CLANG_WARN_UNGUARDED_AVAILABILITY = YES_AGGRESSIVE;
				CLANG_WARN_UNREACHABLE_CODE = YES;
				CLANG_WARN__DUPLICATE_METHOD_MATCH = YES;
				COPY_PHASE_STRIP = NO;
				DEBUG_INFORMATION_FORMAT = dwarf;
				ENABLE_STRICT_OBJC_MSGSEND = YES;
				ENABLE_TESTABILITY = YES;
				ENABLE_USER_SCRIPT_SANDBOXING = YES;
				GCC_C_LANGUAGE_STANDARD = gnu17;
				GCC_DYNAMIC_NO_PIC = NO;
				GCC_NO_COMMON_BLOCKS = YES;
				GCC_OPTIMIZATION_LEVEL = 0;
				GCC_PREPROCESSOR_DEFINITIONS = (
					"DEBUG=1",
					"$(inherited)",
				);
				GCC_WARN_64_TO_32_BIT_CONVERSION = YES;
				GCC_WARN_ABOUT_RETURN_TYPE = YES_ERROR;
				GCC_WARN_UNDECLARED_SELECTOR = YES;
				GCC_WARN_UNINITIALIZED_AUTOS = YES_AGGRESSIVE;
				GCC_WARN_UNUSED_FUNCTION = YES;
				GCC_WARN_UNUSED_VARIABLE = YES;
				IPHONEOS_DEPLOYMENT_TARGET = 17.2;
				LOCALIZATION_PREFERS_STRING_CATALOGS = YES;
				MTL_ENABLE_DEBUG_INFO = INCLUDE_SOURCE;
				MTL_FAST_MATH = YES;
				ONLY_ACTIVE_ARCH = YES;
				SDKROOT = iphoneos;
				SWIFT_ACTIVE_COMPILATION_CONDITIONS = "DEBUG $(inherited)";
				SWIFT_OPTIMIZATION_LEVEL = "-Onone";
			};
			name = Debug;
		};
		EAB11D082B9F9BBE00900872 /* Release */ = {
			isa = XCBuildConfiguration;
			buildSettings = {
				ALWAYS_SEARCH_USER_PATHS = NO;
				ASSETCATALOG_COMPILER_GENERATE_SWIFT_ASSET_SYMBOL_EXTENSIONS = YES;
				CLANG_ANALYZER_NONNULL = YES;
				CLANG_ANALYZER_NUMBER_OBJECT_CONVERSION = YES_AGGRESSIVE;
				CLANG_CXX_LANGUAGE_STANDARD = "gnu++20";
				CLANG_ENABLE_MODULES = YES;
				CLANG_ENABLE_OBJC_ARC = YES;
				CLANG_ENABLE_OBJC_WEAK = YES;
				CLANG_WARN_BLOCK_CAPTURE_AUTORELEASING = YES;
				CLANG_WARN_BOOL_CONVERSION = YES;
				CLANG_WARN_COMMA = YES;
				CLANG_WARN_CONSTANT_CONVERSION = YES;
				CLANG_WARN_DEPRECATED_OBJC_IMPLEMENTATIONS = YES;
				CLANG_WARN_DIRECT_OBJC_ISA_USAGE = YES_ERROR;
				CLANG_WARN_DOCUMENTATION_COMMENTS = YES;
				CLANG_WARN_EMPTY_BODY = YES;
				CLANG_WARN_ENUM_CONVERSION = YES;
				CLANG_WARN_INFINITE_RECURSION = YES;
				CLANG_WARN_INT_CONVERSION = YES;
				CLANG_WARN_NON_LITERAL_NULL_CONVERSION = YES;
				CLANG_WARN_OBJC_IMPLICIT_RETAIN_SELF = YES;
				CLANG_WARN_OBJC_LITERAL_CONVERSION = YES;
				CLANG_WARN_OBJC_ROOT_CLASS = YES_ERROR;
				CLANG_WARN_QUOTED_INCLUDE_IN_FRAMEWORK_HEADER = YES;
				CLANG_WARN_RANGE_LOOP_ANALYSIS = YES;
				CLANG_WARN_STRICT_PROTOTYPES = YES;
				CLANG_WARN_SUSPICIOUS_MOVE = YES;
				CLANG_WARN_UNGUARDED_AVAILABILITY = YES_AGGRESSIVE;
				CLANG_WARN_UNREACHABLE_CODE = YES;
				CLANG_WARN__DUPLICATE_METHOD_MATCH = YES;
				COPY_PHASE_STRIP = NO;
				DEBUG_INFORMATION_FORMAT = "dwarf-with-dsym";
				ENABLE_NS_ASSERTIONS = NO;
				ENABLE_STRICT_OBJC_MSGSEND = YES;
				ENABLE_USER_SCRIPT_SANDBOXING = YES;
				GCC_C_LANGUAGE_STANDARD = gnu17;
				GCC_NO_COMMON_BLOCKS = YES;
				GCC_WARN_64_TO_32_BIT_CONVERSION = YES;
				GCC_WARN_ABOUT_RETURN_TYPE = YES_ERROR;
				GCC_WARN_UNDECLARED_SELECTOR = YES;
				GCC_WARN_UNINITIALIZED_AUTOS = YES_AGGRESSIVE;
				GCC_WARN_UNUSED_FUNCTION = YES;
				GCC_WARN_UNUSED_VARIABLE = YES;
				IPHONEOS_DEPLOYMENT_TARGET = 17.2;
				LOCALIZATION_PREFERS_STRING_CATALOGS = YES;
				MTL_ENABLE_DEBUG_INFO = NO;
				MTL_FAST_MATH = YES;
				SDKROOT = iphoneos;
				SWIFT_COMPILATION_MODE = wholemodule;
				VALIDATE_PRODUCT = YES;
			};
			name = Release;
		};
		EAB11D0A2B9F9BBE00900872 /* Debug */ = {
			isa = XCBuildConfiguration;
			buildSettings = {
				ASSETCATALOG_COMPILER_APPICON_NAME = AppIcon;
				ASSETCATALOG_COMPILER_GLOBAL_ACCENT_COLOR_NAME = AccentColor;
				CODE_SIGN_STYLE = Automatic;
				CURRENT_PROJECT_VERSION = 1;
				DEVELOPMENT_TEAM = FX6VN93G8Y;
				GENERATE_INFOPLIST_FILE = YES;
				INFOPLIST_FILE = HalalFoodFinder/Info.plist;
				INFOPLIST_KEY_UIApplicationSupportsIndirectInputEvents = YES;
				INFOPLIST_KEY_UILaunchStoryboardName = LaunchScreen;
				INFOPLIST_KEY_UIMainStoryboardFile = Main;
				INFOPLIST_KEY_UISupportedInterfaceOrientations_iPad = "UIInterfaceOrientationPortrait UIInterfaceOrientationPortraitUpsideDown UIInterfaceOrientationLandscapeLeft UIInterfaceOrientationLandscapeRight";
				INFOPLIST_KEY_UISupportedInterfaceOrientations_iPhone = "UIInterfaceOrientationPortrait UIInterfaceOrientationLandscapeLeft UIInterfaceOrientationLandscapeRight";
				LD_RUNPATH_SEARCH_PATHS = (
					"$(inherited)",
					"@executable_path/Frameworks",
				);
				MARKETING_VERSION = 1.0;
				PRODUCT_BUNDLE_IDENTIFIER = com.shussa69.HalalFoodFinder;
				PRODUCT_NAME = "$(TARGET_NAME)";
				SWIFT_EMIT_LOC_STRINGS = YES;
				SWIFT_VERSION = 5.0;
				TARGETED_DEVICE_FAMILY = "1,2";
			};
			name = Debug;
		};
		EAB11D0B2B9F9BBE00900872 /* Release */ = {
			isa = XCBuildConfiguration;
			buildSettings = {
				ASSETCATALOG_COMPILER_APPICON_NAME = AppIcon;
				ASSETCATALOG_COMPILER_GLOBAL_ACCENT_COLOR_NAME = AccentColor;
				CODE_SIGN_STYLE = Automatic;
				CURRENT_PROJECT_VERSION = 1;
				DEVELOPMENT_TEAM = FX6VN93G8Y;
				GENERATE_INFOPLIST_FILE = YES;
				INFOPLIST_FILE = HalalFoodFinder/Info.plist;
				INFOPLIST_KEY_UIApplicationSupportsIndirectInputEvents = YES;
				INFOPLIST_KEY_UILaunchStoryboardName = LaunchScreen;
				INFOPLIST_KEY_UIMainStoryboardFile = Main;
				INFOPLIST_KEY_UISupportedInterfaceOrientations_iPad = "UIInterfaceOrientationPortrait UIInterfaceOrientationPortraitUpsideDown UIInterfaceOrientationLandscapeLeft UIInterfaceOrientationLandscapeRight";
				INFOPLIST_KEY_UISupportedInterfaceOrientations_iPhone = "UIInterfaceOrientationPortrait UIInterfaceOrientationLandscapeLeft UIInterfaceOrientationLandscapeRight";
				LD_RUNPATH_SEARCH_PATHS = (
					"$(inherited)",
					"@executable_path/Frameworks",
				);
				MARKETING_VERSION = 1.0;
				PRODUCT_BUNDLE_IDENTIFIER = com.shussa69.HalalFoodFinder;
				PRODUCT_NAME = "$(TARGET_NAME)";
				SWIFT_EMIT_LOC_STRINGS = YES;
				SWIFT_VERSION = 5.0;
				TARGETED_DEVICE_FAMILY = "1,2";
			};
			name = Release;
		};
		EAB11D0D2B9F9BBE00900872 /* Debug */ = {
			isa = XCBuildConfiguration;
			buildSettings = {
				ALWAYS_EMBED_SWIFT_STANDARD_LIBRARIES = YES;
				BUNDLE_LOADER = "$(TEST_HOST)";
				CODE_SIGN_STYLE = Automatic;
				CURRENT_PROJECT_VERSION = 1;
				GENERATE_INFOPLIST_FILE = YES;
				IPHONEOS_DEPLOYMENT_TARGET = 17.2;
				MARKETING_VERSION = 1.0;
				PRODUCT_BUNDLE_IDENTIFIER = com.shussa69.HalalFoodFinderTests;
				PRODUCT_NAME = "$(TARGET_NAME)";
				SWIFT_EMIT_LOC_STRINGS = NO;
				SWIFT_VERSION = 5.0;
				TARGETED_DEVICE_FAMILY = "1,2";
				TEST_HOST = "$(BUILT_PRODUCTS_DIR)/HalalFoodFinder.app/$(BUNDLE_EXECUTABLE_FOLDER_PATH)/HalalFoodFinder";
			};
			name = Debug;
		};
		EAB11D0E2B9F9BBE00900872 /* Release */ = {
			isa = XCBuildConfiguration;
			buildSettings = {
				ALWAYS_EMBED_SWIFT_STANDARD_LIBRARIES = YES;
				BUNDLE_LOADER = "$(TEST_HOST)";
				CODE_SIGN_STYLE = Automatic;
				CURRENT_PROJECT_VERSION = 1;
				GENERATE_INFOPLIST_FILE = YES;
				IPHONEOS_DEPLOYMENT_TARGET = 17.2;
				MARKETING_VERSION = 1.0;
				PRODUCT_BUNDLE_IDENTIFIER = com.shussa69.HalalFoodFinderTests;
				PRODUCT_NAME = "$(TARGET_NAME)";
				SWIFT_EMIT_LOC_STRINGS = NO;
				SWIFT_VERSION = 5.0;
				TARGETED_DEVICE_FAMILY = "1,2";
				TEST_HOST = "$(BUILT_PRODUCTS_DIR)/HalalFoodFinder.app/$(BUNDLE_EXECUTABLE_FOLDER_PATH)/HalalFoodFinder";
			};
			name = Release;
		};
		EAB11D102B9F9BBE00900872 /* Debug */ = {
			isa = XCBuildConfiguration;
			buildSettings = {
				ALWAYS_EMBED_SWIFT_STANDARD_LIBRARIES = YES;
				CODE_SIGN_STYLE = Automatic;
				CURRENT_PROJECT_VERSION = 1;
				GENERATE_INFOPLIST_FILE = YES;
				MARKETING_VERSION = 1.0;
				PRODUCT_BUNDLE_IDENTIFIER = com.shussa69.HalalFoodFinderUITests;
				PRODUCT_NAME = "$(TARGET_NAME)";
				SWIFT_EMIT_LOC_STRINGS = NO;
				SWIFT_VERSION = 5.0;
				TARGETED_DEVICE_FAMILY = "1,2";
				TEST_TARGET_NAME = HalalFoodFinder;
			};
			name = Debug;
		};
		EAB11D112B9F9BBE00900872 /* Release */ = {
			isa = XCBuildConfiguration;
			buildSettings = {
				ALWAYS_EMBED_SWIFT_STANDARD_LIBRARIES = YES;
				CODE_SIGN_STYLE = Automatic;
				CURRENT_PROJECT_VERSION = 1;
				GENERATE_INFOPLIST_FILE = YES;
				MARKETING_VERSION = 1.0;
				PRODUCT_BUNDLE_IDENTIFIER = com.shussa69.HalalFoodFinderUITests;
				PRODUCT_NAME = "$(TARGET_NAME)";
				SWIFT_EMIT_LOC_STRINGS = NO;
				SWIFT_VERSION = 5.0;
				TARGETED_DEVICE_FAMILY = "1,2";
				TEST_TARGET_NAME = HalalFoodFinder;
			};
			name = Release;
		};
/* End XCBuildConfiguration section */

/* Begin XCConfigurationList section */
		EAB11CDA2B9F9BBD00900872 /* Build configuration list for PBXProject "HalalFoodFinder" */ = {
			isa = XCConfigurationList;
			buildConfigurations = (
				EAB11D072B9F9BBE00900872 /* Debug */,
				EAB11D082B9F9BBE00900872 /* Release */,
			);
			defaultConfigurationIsVisible = 0;
			defaultConfigurationName = Release;
		};
		EAB11D092B9F9BBE00900872 /* Build configuration list for PBXNativeTarget "HalalFoodFinder" */ = {
			isa = XCConfigurationList;
			buildConfigurations = (
				EAB11D0A2B9F9BBE00900872 /* Debug */,
				EAB11D0B2B9F9BBE00900872 /* Release */,
			);
			defaultConfigurationIsVisible = 0;
			defaultConfigurationName = Release;
		};
		EAB11D0C2B9F9BBE00900872 /* Build configuration list for PBXNativeTarget "HalalFoodFinderTests" */ = {
			isa = XCConfigurationList;
			buildConfigurations = (
				EAB11D0D2B9F9BBE00900872 /* Debug */,
				EAB11D0E2B9F9BBE00900872 /* Release */,
			);
			defaultConfigurationIsVisible = 0;
			defaultConfigurationName = Release;
		};
		EAB11D0F2B9F9BBE00900872 /* Build configuration list for PBXNativeTarget "HalalFoodFinderUITests" */ = {
			isa = XCConfigurationList;
			buildConfigurations = (
				EAB11D102B9F9BBE00900872 /* Debug */,
				EAB11D112B9F9BBE00900872 /* Release */,
			);
			defaultConfigurationIsVisible = 0;
			defaultConfigurationName = Release;
		};
/* End XCConfigurationList section */
	};
	rootObject = EAB11CD72B9F9BBD00900872 /* Project object */;
}
